
Microsoft Visual Studio Solution File, Format Version 12.00
# Visual Studio Version 16
VisualStudioVersion = 16.0.31624.102
MinimumVisualStudioVersion = 10.0.40219.1
Project("{FAE04EC0-301F-11D3-BF4B-00C04F79EFBC}") = "PasswordGen for github", "SimplePasswordGen\PasswordGen for github.csproj", "{F981F6BC-D6A8-4F0B-914A-889D3422C525}"
EndProject
Global
	GlobalSection(SolutionConfigurationPlatforms) = preSolution
		Debug|Any CPU = Debug|Any CPU
		Release|Any CPU = Release|Any CPU
	EndGlobalSection
	GlobalSection(ProjectConfigurationPlatforms) = postSolution
		{F981F6BC-D6A8-4F0B-914A-889D3422C525}.Debug|Any CPU.ActiveCfg = Debug|Any CPU
		{F981F6BC-D6A8-4F0B-914A-889D3422C525}.Debug|Any CPU.Build.0 = Debug|Any CPU
		{F981F6BC-D6A8-4F0B-914A-889D3422C525}.Release|Any CPU.ActiveCfg = Release|Any CPU
		{F981F6BC-D6A8-4F0B-914A-889D3422C525}.Release|Any CPU.Build.0 = Release|Any CPU
	EndGlobalSection
	GlobalSection(SolutionProperties) = preSolution
		HideSolutionNode = FALSE
	EndGlobalSection
	GlobalSection(ExtensibilityGlobals) = postSolution
		SolutionGuid = {5140E9D8-2A51-4DDF-9EE8-F7AD750F47B3}
	EndGlobalSection
EndGlobal
